<Solution>
  <Folder Name="/docs/">
    <File Path="docs/architecture-mobile.md" />
    <File Path="docs/biometric-flow.md" />
    <File Path="docs/integration-notes.md" />
    <File Path="docs/sdk-analysis.md" />
  </Folder>
  <Folder Name="/src/">
    <Project Path="src/Monetrixa.BiometricMobile.App/Monetrixa.BiometricMobile.App.csproj" />
    <Project Path="src/Monetrixa.BiometricMobile.Application/Monetrixa.BiometricMobile.Application.csproj" />
    <Project Path="src/Monetrixa.BiometricMobile.Domain/Monetrixa.BiometricMobile.Domain.csproj" />
    <Project Path="src/Monetrixa.BiometricMobile.FaceSdk.Binding/Monetrixa.BiometricMobile.FaceSdk.Binding.csproj" />
    <Project Path="src/Monetrixa.BiometricMobile.Infrastructure/Monetrixa.BiometricMobile.Infrastructure.csproj" />
  </Folder>
  <Folder Name="/tests/">
    <Project Path="tests/Monetrixa.BiometricMobile.Tests/Monetrixa.BiometricMobile.Tests.csproj" />
  </Folder>
</Solution>
